// !$*UTF8*$!
{
	archiveVersion = 1;
	classes = {
	};
	objectVersion = 56;
	objects = {

/* Begin PBXBuildFile section */
		651DE5CA2A8F6E7E009755E8 /* AppDelegate.swift in Sources */ = {isa = PBXBuildFile; fileRef = 651DE5C92A8F6E7E009755E8 /* AppDelegate.swift */; };
		651DE5CC2A8F6E7E009755E8 /* SceneDelegate.swift in Sources */ = {isa = PBXBuildFile; fileRef = 651DE5CB2A8F6E7E009755E8 /* SceneDelegate.swift */; };
		651DE5CE2A8F6E7E009755E8 /* ViewController.swift in Sources */ = {isa = PBXBuildFile; fileRef = 651DE5CD2A8F6E7E009755E8 /* ViewController.swift */; };
		651DE5D12A8F6E7E009755E8 /* Main.storyboard in Resources */ = {isa = PBXBuildFile; fileRef = 651DE5CF2A8F6E7E009755E8 /* Main.storyboard */; };
		651DE5D32A8F6E7E009755E8 /* Assets.xcassets in Resources */ = {isa = PBXBuildFile; fileRef = 651DE5D22A8F6E7E009755E8 /* Assets.xcassets */; };
		651DE5D62A8F6E7E009755E8 /* LaunchScreen.storyboard in Resources */ = {isa = PBXBuildFile; fileRef = 651DE5D42A8F6E7E009755E8 /* LaunchScreen.storyboard */; };
		651DE5DE2A8F6EF7009755E8 /* CustomCollectionViewController.swift in Sources */ = {isa = PBXBuildFile; fileRef = 651DE5DD2A8F6EF7009755E8 /* CustomCollectionViewController.swift */; };
		651DE5E02A8F6F04009755E8 /* CustomCollectionViewCell.swift in Sources */ = {isa = PBXBuildFile; fileRef = 651DE5DF2A8F6F04009755E8 /* CustomCollectionViewCell.swift */; };
		651DE5E22A8F703A009755E8 /* DemoModel.swift in Sources */ = {isa = PBXBuildFile; fileRef = 651DE5E12A8F703A009755E8 /* DemoModel.swift */; };
		651DE5E42A8F70B8009755E8 /* CustomCollectionViewControllerVM.swift in Sources */ = {isa = PBXBuildFile; fileRef = 651DE5E32A8F70B8009755E8 /* CustomCollectionViewControllerVM.swift */; };
		651DE5E72A8F7109009755E8 /* AmaranthineRandomGenerators in Frameworks */ = {isa = PBXBuildFile; productRef = 651DE5E62A8F7109009755E8 /* AmaranthineRandomGenerators */; };
/* End PBXBuildFile section */

/* Begin PBXFileReference section */
		651DE5C62A8F6E7E009755E8 /* CollectionViewDemo.app */ = {isa = PBXFileReference; explicitFileType = wrapper.application; includeInIndex = 0; path = CollectionViewDemo.app; sourceTree = BUILT_PRODUCTS_DIR; };
		651DE5C92A8F6E7E009755E8 /* AppDelegate.swift */ = {isa = PBXFileReference; lastKnownFileType = sourcecode.swift; path = AppDelegate.swift; sourceTree = "<group>"; };
		651DE5CB2A8F6E7E009755E8 /* SceneDelegate.swift */ = {isa = PBXFileReference; lastKnownFileType = sourcecode.swift; path = SceneDelegate.swift; sourceTree = "<group>"; };
		651DE5CD2A8F6E7E009755E8 /* ViewController.swift */ = {isa = PBXFileReference; lastKnownFileType = sourcecode.swift; path = ViewController.swift; sourceTree = "<group>"; };
		651DE5D02A8F6E7E009755E8 /* Base */ = {isa = PBXFileReference; lastKnownFileType = file.storyboard; name = Base; path = Base.lproj/Main.storyboard; sourceTree = "<group>"; };
		651DE5D22A8F6E7E009755E8 /* Assets.xcassets */ = {isa = PBXFileReference; lastKnownFileType = folder.assetcatalog; path = Assets.xcassets; sourceTree = "<group>"; };
		651DE5D52A8F6E7E009755E8 /* Base */ = {isa = PBXFileReference; lastKnownFileType = file.storyboard; name = Base; path = Base.lproj/LaunchScreen.storyboard; sourceTree = "<group>"; };
		651DE5D72A8F6E7E009755E8 /* Info.plist */ = {isa = PBXFileReference; lastKnownFileType = text.plist.xml; path = Info.plist; sourceTree = "<group>"; };
		651DE5DD2A8F6EF7009755E8 /* CustomCollectionViewController.swift */ = {isa = PBXFileReference; lastKnownFileType = sourcecode.swift; path = CustomCollectionViewController.swift; sourceTree = "<group>"; };
		651DE5DF2A8F6F04009755E8 /* CustomCollectionViewCell.swift */ = {isa = PBXFileReference; lastKnownFileType = sourcecode.swift; path = CustomCollectionViewCell.swift; sourceTree = "<group>"; };
		651DE5E12A8F703A009755E8 /* DemoModel.swift */ = {isa = PBXFileReference; lastKnownFileType = sourcecode.swift; path = DemoModel.swift; sourceTree = "<group>"; };
		651DE5E32A8F70B8009755E8 /* CustomCollectionViewControllerVM.swift */ = {isa = PBXFileReference; lastKnownFileType = sourcecode.swift; path = CustomCollectionViewControllerVM.swift; sourceTree = "<group>"; };
/* End PBXFileReference section */

/* Begin PBXFrameworksBuildPhase section */
		651DE5C32A8F6E7E009755E8 /* Frameworks */ = {
			isa = PBXFrameworksBuildPhase;
			buildActionMask = 2147483647;
			files = (
				651DE5E72A8F7109009755E8 /* AmaranthineRandomGenerators in Frameworks */,
			);
			runOnlyForDeploymentPostprocessing = 0;
		};
/* End PBXFrameworksBuildPhase section */

/* Begin PBXGroup section */
		651DE5BD2A8F6E7E009755E8 = {
			isa = PBXGroup;
			children = (
				651DE5C82A8F6E7E009755E8 /* CollectionViewDemo */,
				651DE5C72A8F6E7E009755E8 /* Products */,
			);
			sourceTree = "<group>";
		};
		651DE5C72A8F6E7E009755E8 /* Products */ = {
			isa = PBXGroup;
			children = (
				651DE5C62A8F6E7E009755E8 /* CollectionViewDemo.app */,
			);
			name = Products;
			sourceTree = "<group>";
		};
		651DE5C82A8F6E7E009755E8 /* CollectionViewDemo */ = {
			isa = PBXGroup;
			children = (
				651DE5C92A8F6E7E009755E8 /* AppDelegate.swift */,
				651DE5CB2A8F6E7E009755E8 /* SceneDelegate.swift */,
				651DE5CD2A8F6E7E009755E8 /* ViewController.swift */,
				651DE5CF2A8F6E7E009755E8 /* Main.storyboard */,
				651DE5DD2A8F6EF7009755E8 /* CustomCollectionViewController.swift */,
				651DE5E32A8F70B8009755E8 /* CustomCollectionViewControllerVM.swift */,
				651DE5E12A8F703A009755E8 /* DemoModel.swift */,
				651DE5DF2A8F6F04009755E8 /* CustomCollectionViewCell.swift */,
				651DE5D22A8F6E7E009755E8 /* Assets.xcassets */,
				651DE5D42A8F6E7E009755E8 /* LaunchScreen.storyboard */,
				651DE5D72A8F6E7E009755E8 /* Info.plist */,
			);
			path = CollectionViewDemo;
			sourceTree = "<group>";
		};
/* End PBXGroup section */

/* Begin PBXNativeTarget section */
		651DE5C52A8F6E7E009755E8 /* CollectionViewDemo */ = {
			isa = PBXNativeTarget;
			buildConfigurationList = 651DE5DA2A8F6E7E009755E8 /* Build configuration list for PBXNativeTarget "CollectionViewDemo" */;
			buildPhases = (
				651DE5C22A8F6E7E009755E8 /* Sources */,
				651DE5C32A8F6E7E009755E8 /* Frameworks */,
				651DE5C42A8F6E7E009755E8 /* Resources */,
			);
			buildRules = (
			);
			dependencies = (
			);
			name = CollectionViewDemo;
			packageProductDependencies = (
				651DE5E62A8F7109009755E8 /* AmaranthineRandomGenerators */,
			);
			productName = CollectionViewDemo;
			productReference = 651DE5C62A8F6E7E009755E8 /* CollectionViewDemo.app */;
			productType = "com.apple.product-type.application";
		};
/* End PBXNativeTarget section */

/* Begin PBXProject section */
		651DE5BE2A8F6E7E009755E8 /* Project object */ = {
			isa = PBXProject;
			attributes = {
				BuildIndependentTargetsInParallel = 1;
				LastSwiftUpdateCheck = 1430;
				LastUpgradeCheck = 1430;
				TargetAttributes = {
					651DE5C52A8F6E7E009755E8 = {
						CreatedOnToolsVersion = 14.3.1;
					};
				};
			};
			buildConfigurationList = 651DE5C12A8F6E7E009755E8 /* Build configuration list for PBXProject "CollectionViewDemo" */;
			compatibilityVersion = "Xcode 14.0";
			developmentRegion = en;
			hasScannedForEncodings = 0;
			knownRegions = (
				en,
				Base,
			);
			mainGroup = 651DE5BD2A8F6E7E009755E8;
			packageReferences = (
				651DE5E52A8F7109009755E8 /* XCRemoteSwiftPackageReference "AmaranthineRandomGenerators" */,
			);
			productRefGroup = 651DE5C72A8F6E7E009755E8 /* Products */;
			projectDirPath = "";
			projectRoot = "";
			targets = (
				651DE5C52A8F6E7E009755E8 /* CollectionViewDemo */,
			);
		};
/* End PBXProject section */

/* Begin PBXResourcesBuildPhase section */
		651DE5C42A8F6E7E009755E8 /* Resources */ = {
			isa = PBXResourcesBuildPhase;
			buildActionMask = 2147483647;
			files = (
				651DE5D62A8F6E7E009755E8 /* LaunchScreen.storyboard in Resources */,
				651DE5D32A8F6E7E009755E8 /* Assets.xcassets in Resources */,
				651DE5D12A8F6E7E009755E8 /* Main.storyboard in Resources */,
			);
			runOnlyForDeploymentPostprocessing = 0;
		};
/* End PBXResourcesBuildPhase section */

/* Begin PBXSourcesBuildPhase section */
		651DE5C22A8F6E7E009755E8 /* Sources */ = {
			isa = PBXSourcesBuildPhase;
			buildActionMask = 2147483647;
			files = (
				651DE5CE2A8F6E7E009755E8 /* ViewController.swift in Sources */,
				651DE5E02A8F6F04009755E8 /* CustomCollectionViewCell.swift in Sources */,
				651DE5DE2A8F6EF7009755E8 /* CustomCollectionViewController.swift in Sources */,
				651DE5CA2A8F6E7E009755E8 /* AppDelegate.swift in Sources */,
				651DE5E42A8F70B8009755E8 /* CustomCollectionViewControllerVM.swift in Sources */,
				651DE5E22A8F703A009755E8 /* DemoModel.swift in Sources */,
				651DE5CC2A8F6E7E009755E8 /* SceneDelegate.swift in Sources */,
			);
			runOnlyForDeploymentPostprocessing = 0;
		};
/* End PBXSourcesBuildPhase section */

/* Begin PBXVariantGroup section */
		651DE5CF2A8F6E7E009755E8 /* Main.storyboard */ = {
			isa = PBXVariantGroup;
			children = (
				651DE5D02A8F6E7E009755E8 /* Base */,
			);
			name = Main.storyboard;
			sourceTree = "<group>";
		};
		651DE5D42A8F6E7E009755E8 /* LaunchScreen.storyboard */ = {
			isa = PBXVariantGroup;
			children = (
				651DE5D52A8F6E7E009755E8 /* Base */,
			);
			name = LaunchScreen.storyboard;
			sourceTree = "<group>";
		};
/* End PBXVariantGroup section */

/* Begin XCBuildConfiguration section */
		651DE5D82A8F6E7E009755E8 /* Debug */ = {
			isa = XCBuildConfiguration;
			buildSettings = {
				ALWAYS_SEARCH_USER_PATHS = NO;
				CLANG_ANALYZER_NONNULL = YES;
				CLANG_ANALYZER_NUMBER_OBJECT_CONVERSION = YES_AGGRESSIVE;
				CLANG_CXX_LANGUAGE_STANDARD = "gnu++20";
				CLANG_ENABLE_MODULES = YES;
				CLANG_ENABLE_OBJC_ARC = YES;
				CLANG_ENABLE_OBJC_WEAK = YES;
				CLANG_WARN_BLOCK_CAPTURE_AUTORELEASING = YES;
				CLANG_WARN_BOOL_CONVERSION = YES;
				CLANG_WARN_COMMA = YES;
				CLANG_WARN_CONSTANT_CONVERSION = YES;
				CLANG_WARN_DEPRECATED_OBJC_IMPLEMENTATIONS = YES;
				CLANG_WARN_DIRECT_OBJC_ISA_USAGE = YES_ERROR;
				CLANG_WARN_DOCUMENTATION_COMMENTS = YES;
				CLANG_WARN_EMPTY_BODY = YES;
				CLANG_WARN_ENUM_CONVERSION = YES;
				CLANG_WARN_INFINITE_RECURSION = YES;
				CLANG_WARN_INT_CONVERSION = YES;
				CLANG_WARN_NON_LITERAL_NULL_CONVERSION = YES;
				CLANG_WARN_OBJC_IMPLICIT_RETAIN_SELF = YES;
				CLANG_WARN_OBJC_LITERAL_CONVERSION = YES;
				CLANG_WARN_OBJC_ROOT_CLASS = YES_ERROR;
				CLANG_WARN_QUOTED_INCLUDE_IN_FRAMEWORK_HEADER = YES;
				CLANG_WARN_RANGE_LOOP_ANALYSIS = YES;
				CLANG_WARN_STRICT_PROTOTYPES = YES;
				CLANG_WARN_SUSPICIOUS_MOVE = YES;
				CLANG_WARN_UNGUARDED_AVAILABILITY = YES_AGGRESSIVE;
				CLANG_WARN_UNREACHABLE_CODE = YES;
				CLANG_WARN__DUPLICATE_METHOD_MATCH = YES;
				COPY_PHASE_STRIP = NO;
				DEBUG_INFORMATION_FORMAT = dwarf;
				ENABLE_STRICT_OBJC_MSGSEND = YES;
				ENABLE_TESTABILITY = YES;
				GCC_C_LANGUAGE_STANDARD = gnu11;
				GCC_DYNAMIC_NO_PIC = NO;
				GCC_NO_COMMON_BLOCKS = YES;
				GCC_OPTIMIZATION_LEVEL = 0;
				GCC_PREPROCESSOR_DEFINITIONS = (
					"DEBUG=1",
					"$(inherited)",
				);
				GCC_WARN_64_TO_32_BIT_CONVERSION = YES;
				GCC_WARN_ABOUT_RETURN_TYPE = YES_ERROR;
				GCC_WARN_UNDECLARED_SELECTOR = YES;
				GCC_WARN_UNINITIALIZED_AUTOS = YES_AGGRESSIVE;
				GCC_WARN_UNUSED_FUNCTION = YES;
				GCC_WARN_UNUSED_VARIABLE = YES;
				IPHONEOS_DEPLOYMENT_TARGET = 16.4;
				MTL_ENABLE_DEBUG_INFO = INCLUDE_SOURCE;
				MTL_FAST_MATH = YES;
				ONLY_ACTIVE_ARCH = YES;
				SDKROOT = iphoneos;
				SWIFT_ACTIVE_COMPILATION_CONDITIONS = DEBUG;
				SWIFT_OPTIMIZATION_LEVEL = "-Onone";
			};
			name = Debug;
		};
		651DE5D92A8F6E7E009755E8 /* Release */ = {
			isa = XCBuildConfiguration;
			buildSettings = {
				ALWAYS_SEARCH_USER_PATHS = NO;
				CLANG_ANALYZER_NONNULL = YES;
				CLANG_ANALYZER_NUMBER_OBJECT_CONVERSION = YES_AGGRESSIVE;
				CLANG_CXX_LANGUAGE_STANDARD = "gnu++20";
				CLANG_ENABLE_MODULES = YES;
				CLANG_ENABLE_OBJC_ARC = YES;
				CLANG_ENABLE_OBJC_WEAK = YES;
				CLANG_WARN_BLOCK_CAPTURE_AUTORELEASING = YES;
				CLANG_WARN_BOOL_CONVERSION = YES;
				CLANG_WARN_COMMA = YES;
				CLANG_WARN_CONSTANT_CONVERSION = YES;
				CLANG_WARN_DEPRECATED_OBJC_IMPLEMENTATIONS = YES;
				CLANG_WARN_DIRECT_OBJC_ISA_USAGE = YES_ERROR;
				CLANG_WARN_DOCUMENTATION_COMMENTS = YES;
				CLANG_WARN_EMPTY_BODY = YES;
				CLANG_WARN_ENUM_CONVERSION = YES;
				CLANG_WARN_INFINITE_RECURSION = YES;
				CLANG_WARN_INT_CONVERSION = YES;
				CLANG_WARN_NON_LITERAL_NULL_CONVERSION = YES;
				CLANG_WARN_OBJC_IMPLICIT_RETAIN_SELF = YES;
				CLANG_WARN_OBJC_LITERAL_CONVERSION = YES;
				CLANG_WARN_OBJC_ROOT_CLASS = YES_ERROR;
				CLANG_WARN_QUOTED_INCLUDE_IN_FRAMEWORK_HEADER = YES;
				CLANG_WARN_RANGE_LOOP_ANALYSIS = YES;
				CLANG_WARN_STRICT_PROTOTYPES = YES;
				CLANG_WARN_SUSPICIOUS_MOVE = YES;
				CLANG_WARN_UNGUARDED_AVAILABILITY = YES_AGGRESSIVE;
				CLANG_WARN_UNREACHABLE_CODE = YES;
				CLANG_WARN__DUPLICATE_METHOD_MATCH = YES;
				COPY_PHASE_STRIP = NO;
				DEBUG_INFORMATION_FORMAT = "dwarf-with-dsym";
				ENABLE_NS_ASSERTIONS = NO;
				ENABLE_STRICT_OBJC_MSGSEND = YES;
				GCC_C_LANGUAGE_STANDARD = gnu11;
				GCC_NO_COMMON_BLOCKS = YES;
				GCC_WARN_64_TO_32_BIT_CONVERSION = YES;
				GCC_WARN_ABOUT_RETURN_TYPE = YES_ERROR;
				GCC_WARN_UNDECLARED_SELECTOR = YES;
				GCC_WARN_UNINITIALIZED_AUTOS = YES_AGGRESSIVE;
				GCC_WARN_UNUSED_FUNCTION = YES;
				GCC_WARN_UNUSED_VARIABLE = YES;
				IPHONEOS_DEPLOYMENT_TARGET = 16.4;
				MTL_ENABLE_DEBUG_INFO = NO;
				MTL_FAST_MATH = YES;
				SDKROOT = iphoneos;
				SWIFT_COMPILATION_MODE = wholemodule;
				SWIFT_OPTIMIZATION_LEVEL = "-O";
				VALIDATE_PRODUCT = YES;
			};
			name = Release;
		};
		651DE5DB2A8F6E7E009755E8 /* Debug */ = {
			isa = XCBuildConfiguration;
			buildSettings = {
				ASSETCATALOG_COMPILER_APPICON_NAME = AppIcon;
				ASSETCATALOG_COMPILER_GLOBAL_ACCENT_COLOR_NAME = AccentColor;
				CODE_SIGN_STYLE = Automatic;
				CURRENT_PROJECT_VERSION = 1;
				GENERATE_INFOPLIST_FILE = YES;
				INFOPLIST_FILE = CollectionViewDemo/Info.plist;
				INFOPLIST_KEY_UIApplicationSupportsIndirectInputEvents = YES;
				INFOPLIST_KEY_UILaunchStoryboardName = LaunchScreen;
				INFOPLIST_KEY_UIMainStoryboardFile = Main;
				INFOPLIST_KEY_UISupportedInterfaceOrientations_iPad = "UIInterfaceOrientationPortrait UIInterfaceOrientationPortraitUpsideDown UIInterfaceOrientationLandscapeLeft UIInterfaceOrientationLandscapeRight";
				INFOPLIST_KEY_UISupportedInterfaceOrientations_iPhone = "UIInterfaceOrientationPortrait UIInterfaceOrientationLandscapeLeft UIInterfaceOrientationLandscapeRight";
				LD_RUNPATH_SEARCH_PATHS = (
					"$(inherited)",
					"@executable_path/Frameworks",
				);
				MARKETING_VERSION = 1.0;
				PRODUCT_BUNDLE_IDENTIFIER = demo.CollectionViewDemo;
				PRODUCT_NAME = "$(TARGET_NAME)";
				SWIFT_EMIT_LOC_STRINGS = YES;
				SWIFT_VERSION = 5.0;
				TARGETED_DEVICE_FAMILY = "1,2";
			};
			name = Debug;
		};
		651DE5DC2A8F6E7E009755E8 /* Release */ = {
			isa = XCBuildConfiguration;
			buildSettings = {
				ASSETCATALOG_COMPILER_APPICON_NAME = AppIcon;
				ASSETCATALOG_COMPILER_GLOBAL_ACCENT_COLOR_NAME = AccentColor;
				CODE_SIGN_STYLE = Automatic;
				CURRENT_PROJECT_VERSION = 1;
				GENERATE_INFOPLIST_FILE = YES;
				INFOPLIST_FILE = CollectionViewDemo/Info.plist;
				INFOPLIST_KEY_UIApplicationSupportsIndirectInputEvents = YES;
				INFOPLIST_KEY_UILaunchStoryboardName = LaunchScreen;
				INFOPLIST_KEY_UIMainStoryboardFile = Main;
				INFOPLIST_KEY_UISupportedInterfaceOrientations_iPad = "UIInterfaceOrientationPortrait UIInterfaceOrientationPortraitUpsideDown UIInterfaceOrientationLandscapeLeft UIInterfaceOrientationLandscapeRight";
				INFOPLIST_KEY_UISupportedInterfaceOrientations_iPhone = "UIInterfaceOrientationPortrait UIInterfaceOrientationLandscapeLeft UIInterfaceOrientationLandscapeRight";
				LD_RUNPATH_SEARCH_PATHS = (
					"$(inherited)",
					"@executable_path/Frameworks",
				);
				MARKETING_VERSION = 1.0;
				PRODUCT_BUNDLE_IDENTIFIER = demo.CollectionViewDemo;
				PRODUCT_NAME = "$(TARGET_NAME)";
				SWIFT_EMIT_LOC_STRINGS = YES;
				SWIFT_VERSION = 5.0;
				TARGETED_DEVICE_FAMILY = "1,2";
			};
			name = Release;
		};
/* End XCBuildConfiguration section */

/* Begin XCConfigurationList section */
		651DE5C12A8F6E7E009755E8 /* Build configuration list for PBXProject "CollectionViewDemo" */ = {
			isa = XCConfigurationList;
			buildConfigurations = (
				651DE5D82A8F6E7E009755E8 /* Debug */,
				651DE5D92A8F6E7E009755E8 /* Release */,
			);
			defaultConfigurationIsVisible = 0;
			defaultConfigurationName = Release;
		};
		651DE5DA2A8F6E7E009755E8 /* Build configuration list for PBXNativeTarget "CollectionViewDemo" */ = {
			isa = XCConfigurationList;
			buildConfigurations = (
				651DE5DB2A8F6E7E009755E8 /* Debug */,
				651DE5DC2A8F6E7E009755E8 /* Release */,
			);
			defaultConfigurationIsVisible = 0;
			defaultConfigurationName = Release;
		};
/* End XCConfigurationList section */

/* Begin XCRemoteSwiftPackageReference section */
		651DE5E52A8F7109009755E8 /* XCRemoteSwiftPackageReference "AmaranthineRandomGenerators" */ = {
			isa = XCRemoteSwiftPackageReference;
			repositoryURL = "https://github.com/AmaranthineTech/AmaranthineRandomGenerators";
			requirement = {
				branch = main;
				kind = branch;
			};
		};
/* End XCRemoteSwiftPackageReference section */

/* Begin XCSwiftPackageProductDependency section */
		651DE5E62A8F7109009755E8 /* AmaranthineRandomGenerators */ = {
			isa = XCSwiftPackageProductDependency;
			package = 651DE5E52A8F7109009755E8 /* XCRemoteSwiftPackageReference "AmaranthineRandomGenerators" */;
			productName = AmaranthineRandomGenerators;
		};
/* End XCSwiftPackageProductDependency section */
	};
	rootObject = 651DE5BE2A8F6E7E009755E8 /* Project object */;
}
