// !$*UTF8*$!
{
	archiveVersion = 1;
	classes = {
	};
	objectVersion = 56;
	objects = {

/* Begin PBXBuildFile section */
		651DE5802A8F4808009755E8 /* AppDelegate.swift in Sources */ = {isa = PBXBuildFile; fileRef = 651DE57F2A8F4808009755E8 /* AppDelegate.swift */; };
		651DE5822A8F4808009755E8 /* SceneDelegate.swift in Sources */ = {isa = PBXBuildFile; fileRef = 651DE5812A8F4808009755E8 /* SceneDelegate.swift */; };
		651DE5842A8F4808009755E8 /* ViewController.swift in Sources */ = {isa = PBXBuildFile; fileRef = 651DE5832A8F4808009755E8 /* ViewController.swift */; };
		651DE5872A8F4808009755E8 /* Main.storyboard in Resources */ = {isa = PBXBuildFile; fileRef = 651DE5852A8F4808009755E8 /* Main.storyboard */; };
		651DE5892A8F4809009755E8 /* Assets.xcassets in Resources */ = {isa = PBXBuildFile; fileRef = 651DE5882A8F4809009755E8 /* Assets.xcassets */; };
		651DE58C2A8F4809009755E8 /* LaunchScreen.storyboard in Resources */ = {isa = PBXBuildFile; fileRef = 651DE58A2A8F4809009755E8 /* LaunchScreen.storyboard */; };
		651DE5942A8F491D009755E8 /* MatchModel.swift in Sources */ = {isa = PBXBuildFile; fileRef = 651DE5932A8F491D009755E8 /* MatchModel.swift */; };
		651DE5962A8F494D009755E8 /* NetworkEngine.swift in Sources */ = {isa = PBXBuildFile; fileRef = 651DE5952A8F494D009755E8 /* NetworkEngine.swift */; };
		651DE5982A8F4A4D009755E8 /* ViewControllerVM.swift in Sources */ = {isa = PBXBuildFile; fileRef = 651DE5972A8F4A4D009755E8 /* ViewControllerVM.swift */; };
		651DE59A2A8F4FE3009755E8 /* SeriesViewController.swift in Sources */ = {isa = PBXBuildFile; fileRef = 651DE5992A8F4FE3009755E8 /* SeriesViewController.swift */; };
		651DE59C2A8F4FFC009755E8 /* SeriesViewControllerVM.swift in Sources */ = {isa = PBXBuildFile; fileRef = 651DE59B2A8F4FFC009755E8 /* SeriesViewControllerVM.swift */; };
		6541E6342A8F8B9D00CE9D57 /* MatchesViewController.swift in Sources */ = {isa = PBXBuildFile; fileRef = 6541E6332A8F8B9D00CE9D57 /* MatchesViewController.swift */; };
		6541E6362A8F8BB200CE9D57 /* MatchesViewControllerVM.swift in Sources */ = {isa = PBXBuildFile; fileRef = 6541E6352A8F8BB200CE9D57 /* MatchesViewControllerVM.swift */; };
		6541E63A2A8F904900CE9D57 /* MatchInfoViewController.swift in Sources */ = {isa = PBXBuildFile; fileRef = 6541E6392A8F904900CE9D57 /* MatchInfoViewController.swift */; };
		6541E63C2A8F904F00CE9D57 /* MatchInfoViewControllerVM.swift in Sources */ = {isa = PBXBuildFile; fileRef = 6541E63B2A8F904F00CE9D57 /* MatchInfoViewControllerVM.swift */; };
/* End PBXBuildFile section */

/* Begin PBXFileReference section */
		651DE57C2A8F4808009755E8 /* CommunicationDemo.app */ = {isa = PBXFileReference; explicitFileType = wrapper.application; includeInIndex = 0; path = CommunicationDemo.app; sourceTree = BUILT_PRODUCTS_DIR; };
		651DE57F2A8F4808009755E8 /* AppDelegate.swift */ = {isa = PBXFileReference; lastKnownFileType = sourcecode.swift; path = AppDelegate.swift; sourceTree = "<group>"; };
		651DE5812A8F4808009755E8 /* SceneDelegate.swift */ = {isa = PBXFileReference; lastKnownFileType = sourcecode.swift; path = SceneDelegate.swift; sourceTree = "<group>"; };
		651DE5832A8F4808009755E8 /* ViewController.swift */ = {isa = PBXFileReference; lastKnownFileType = sourcecode.swift; path = ViewController.swift; sourceTree = "<group>"; };
		651DE5862A8F4808009755E8 /* Base */ = {isa = PBXFileReference; lastKnownFileType = file.storyboard; name = Base; path = Base.lproj/Main.storyboard; sourceTree = "<group>"; };
		651DE5882A8F4809009755E8 /* Assets.xcassets */ = {isa = PBXFileReference; lastKnownFileType = folder.assetcatalog; path = Assets.xcassets; sourceTree = "<group>"; };
		651DE58B2A8F4809009755E8 /* Base */ = {isa = PBXFileReference; lastKnownFileType = file.storyboard; name = Base; path = Base.lproj/LaunchScreen.storyboard; sourceTree = "<group>"; };
		651DE58D2A8F4809009755E8 /* Info.plist */ = {isa = PBXFileReference; lastKnownFileType = text.plist.xml; path = Info.plist; sourceTree = "<group>"; };
		651DE5932A8F491D009755E8 /* MatchModel.swift */ = {isa = PBXFileReference; lastKnownFileType = sourcecode.swift; path = MatchModel.swift; sourceTree = "<group>"; };
		651DE5952A8F494D009755E8 /* NetworkEngine.swift */ = {isa = PBXFileReference; fileEncoding = 4; lastKnownFileType = sourcecode.swift; path = NetworkEngine.swift; sourceTree = "<group>"; };
		651DE5972A8F4A4D009755E8 /* ViewControllerVM.swift */ = {isa = PBXFileReference; lastKnownFileType = sourcecode.swift; path = ViewControllerVM.swift; sourceTree = "<group>"; };
		651DE5992A8F4FE3009755E8 /* SeriesViewController.swift */ = {isa = PBXFileReference; lastKnownFileType = sourcecode.swift; path = SeriesViewController.swift; sourceTree = "<group>"; };
		651DE59B2A8F4FFC009755E8 /* SeriesViewControllerVM.swift */ = {isa = PBXFileReference; lastKnownFileType = sourcecode.swift; path = SeriesViewControllerVM.swift; sourceTree = "<group>"; };
		6541E6332A8F8B9D00CE9D57 /* MatchesViewController.swift */ = {isa = PBXFileReference; lastKnownFileType = sourcecode.swift; path = MatchesViewController.swift; sourceTree = "<group>"; };
		6541E6352A8F8BB200CE9D57 /* MatchesViewControllerVM.swift */ = {isa = PBXFileReference; lastKnownFileType = sourcecode.swift; path = MatchesViewControllerVM.swift; sourceTree = "<group>"; };
		6541E6392A8F904900CE9D57 /* MatchInfoViewController.swift */ = {isa = PBXFileReference; lastKnownFileType = sourcecode.swift; path = MatchInfoViewController.swift; sourceTree = "<group>"; };
		6541E63B2A8F904F00CE9D57 /* MatchInfoViewControllerVM.swift */ = {isa = PBXFileReference; lastKnownFileType = sourcecode.swift; path = MatchInfoViewControllerVM.swift; sourceTree = "<group>"; };
/* End PBXFileReference section */

/* Begin PBXFrameworksBuildPhase section */
		651DE5792A8F4808009755E8 /* Frameworks */ = {
			isa = PBXFrameworksBuildPhase;
			buildActionMask = 2147483647;
			files = (
			);
			runOnlyForDeploymentPostprocessing = 0;
		};
/* End PBXFrameworksBuildPhase section */

/* Begin PBXGroup section */
		651DE5732A8F4808009755E8 = {
			isa = PBXGroup;
			children = (
				651DE57E2A8F4808009755E8 /* CommunicationDemo */,
				651DE57D2A8F4808009755E8 /* Products */,
			);
			sourceTree = "<group>";
		};
		651DE57D2A8F4808009755E8 /* Products */ = {
			isa = PBXGroup;
			children = (
				651DE57C2A8F4808009755E8 /* CommunicationDemo.app */,
			);
			name = Products;
			sourceTree = "<group>";
		};
		651DE57E2A8F4808009755E8 /* CommunicationDemo */ = {
			isa = PBXGroup;
			children = (
				651DE57F2A8F4808009755E8 /* AppDelegate.swift */,
				651DE5812A8F4808009755E8 /* SceneDelegate.swift */,
				6541E6312A8F8AB800CE9D57 /* Screen 1 */,
				6541E6322A8F8AC000CE9D57 /* Screen 2 */,
				6541E6382A8F902200CE9D57 /* Model */,
				6541E6372A8F901000CE9D57 /* Screen 3 */,
				651DE5852A8F4808009755E8 /* Main.storyboard */,
				6541E6392A8F904900CE9D57 /* MatchInfoViewController.swift */,
				6541E63B2A8F904F00CE9D57 /* MatchInfoViewControllerVM.swift */,
				651DE5882A8F4809009755E8 /* Assets.xcassets */,
				651DE58A2A8F4809009755E8 /* LaunchScreen.storyboard */,
				651DE58D2A8F4809009755E8 /* Info.plist */,
			);
			path = CommunicationDemo;
			sourceTree = "<group>";
		};
		6541E6312A8F8AB800CE9D57 /* Screen 1 */ = {
			isa = PBXGroup;
			children = (
				651DE5832A8F4808009755E8 /* ViewController.swift */,
				651DE5972A8F4A4D009755E8 /* ViewControllerVM.swift */,
			);
			path = "Screen 1";
			sourceTree = "<group>";
		};
		6541E6322A8F8AC000CE9D57 /* Screen 2 */ = {
			isa = PBXGroup;
			children = (
				651DE5992A8F4FE3009755E8 /* SeriesViewController.swift */,
				651DE59B2A8F4FFC009755E8 /* SeriesViewControllerVM.swift */,
			);
			path = "Screen 2";
			sourceTree = "<group>";
		};
		6541E6372A8F901000CE9D57 /* Screen 3 */ = {
			isa = PBXGroup;
			children = (
				6541E6332A8F8B9D00CE9D57 /* MatchesViewController.swift */,
				6541E6352A8F8BB200CE9D57 /* MatchesViewControllerVM.swift */,
			);
			path = "Screen 3";
			sourceTree = "<group>";
		};
		6541E6382A8F902200CE9D57 /* Model */ = {
			isa = PBXGroup;
			children = (
				651DE5932A8F491D009755E8 /* MatchModel.swift */,
				651DE5952A8F494D009755E8 /* NetworkEngine.swift */,
			);
			path = Model;
			sourceTree = "<group>";
		};
/* End PBXGroup section */

/* Begin PBXNativeTarget section */
		651DE57B2A8F4808009755E8 /* CommunicationDemo */ = {
			isa = PBXNativeTarget;
			buildConfigurationList = 651DE5902A8F4809009755E8 /* Build configuration list for PBXNativeTarget "CommunicationDemo" */;
			buildPhases = (
				651DE5782A8F4808009755E8 /* Sources */,
				651DE5792A8F4808009755E8 /* Frameworks */,
				651DE57A2A8F4808009755E8 /* Resources */,
			);
			buildRules = (
			);
			dependencies = (
			);
			name = CommunicationDemo;
			productName = CommunicationDemo;
			productReference = 651DE57C2A8F4808009755E8 /* CommunicationDemo.app */;
			productType = "com.apple.product-type.application";
		};
/* End PBXNativeTarget section */

/* Begin PBXProject section */
		651DE5742A8F4808009755E8 /* Project object */ = {
			isa = PBXProject;
			attributes = {
				BuildIndependentTargetsInParallel = 1;
				LastSwiftUpdateCheck = 1430;
				LastUpgradeCheck = 1430;
				TargetAttributes = {
					651DE57B2A8F4808009755E8 = {
						CreatedOnToolsVersion = 14.3.1;
					};
				};
			};
			buildConfigurationList = 651DE5772A8F4808009755E8 /* Build configuration list for PBXProject "CommunicationDemo" */;
			compatibilityVersion = "Xcode 14.0";
			developmentRegion = en;
			hasScannedForEncodings = 0;
			knownRegions = (
				en,
				Base,
			);
			mainGroup = 651DE5732A8F4808009755E8;
			productRefGroup = 651DE57D2A8F4808009755E8 /* Products */;
			projectDirPath = "";
			projectRoot = "";
			targets = (
				651DE57B2A8F4808009755E8 /* CommunicationDemo */,
			);
		};
/* End PBXProject section */

/* Begin PBXResourcesBuildPhase section */
		651DE57A2A8F4808009755E8 /* Resources */ = {
			isa = PBXResourcesBuildPhase;
			buildActionMask = 2147483647;
			files = (
				651DE58C2A8F4809009755E8 /* LaunchScreen.storyboard in Resources */,
				651DE5892A8F4809009755E8 /* Assets.xcassets in Resources */,
				651DE5872A8F4808009755E8 /* Main.storyboard in Resources */,
			);
			runOnlyForDeploymentPostprocessing = 0;
		};
/* End PBXResourcesBuildPhase section */

/* Begin PBXSourcesBuildPhase section */
		651DE5782A8F4808009755E8 /* Sources */ = {
			isa = PBXSourcesBuildPhase;
			buildActionMask = 2147483647;
			files = (
				651DE5842A8F4808009755E8 /* ViewController.swift in Sources */,
				6541E63C2A8F904F00CE9D57 /* MatchInfoViewControllerVM.swift in Sources */,
				651DE5962A8F494D009755E8 /* NetworkEngine.swift in Sources */,
				651DE59A2A8F4FE3009755E8 /* SeriesViewController.swift in Sources */,
				6541E6342A8F8B9D00CE9D57 /* MatchesViewController.swift in Sources */,
				651DE5942A8F491D009755E8 /* MatchModel.swift in Sources */,
				651DE59C2A8F4FFC009755E8 /* SeriesViewControllerVM.swift in Sources */,
				651DE5982A8F4A4D009755E8 /* ViewControllerVM.swift in Sources */,
				6541E6362A8F8BB200CE9D57 /* MatchesViewControllerVM.swift in Sources */,
				651DE5802A8F4808009755E8 /* AppDelegate.swift in Sources */,
				651DE5822A8F4808009755E8 /* SceneDelegate.swift in Sources */,
				6541E63A2A8F904900CE9D57 /* MatchInfoViewController.swift in Sources */,
			);
			runOnlyForDeploymentPostprocessing = 0;
		};
/* End PBXSourcesBuildPhase section */

/* Begin PBXVariantGroup section */
		651DE5852A8F4808009755E8 /* Main.storyboard */ = {
			isa = PBXVariantGroup;
			children = (
				651DE5862A8F4808009755E8 /* Base */,
			);
			name = Main.storyboard;
			sourceTree = "<group>";
		};
		651DE58A2A8F4809009755E8 /* LaunchScreen.storyboard */ = {
			isa = PBXVariantGroup;
			children = (
				651DE58B2A8F4809009755E8 /* Base */,
			);
			name = LaunchScreen.storyboard;
			sourceTree = "<group>";
		};
/* End PBXVariantGroup section */

/* Begin XCBuildConfiguration section */
		651DE58E2A8F4809009755E8 /* Debug */ = {
			isa = XCBuildConfiguration;
			buildSettings = {
				ALWAYS_SEARCH_USER_PATHS = NO;
				CLANG_ANALYZER_NONNULL = YES;
				CLANG_ANALYZER_NUMBER_OBJECT_CONVERSION = YES_AGGRESSIVE;
				CLANG_CXX_LANGUAGE_STANDARD = "gnu++20";
				CLANG_ENABLE_MODULES = YES;
				CLANG_ENABLE_OBJC_ARC = YES;
				CLANG_ENABLE_OBJC_WEAK = YES;
				CLANG_WARN_BLOCK_CAPTURE_AUTORELEASING = YES;
				CLANG_WARN_BOOL_CONVERSION = YES;
				CLANG_WARN_COMMA = YES;
				CLANG_WARN_CONSTANT_CONVERSION = YES;
				CLANG_WARN_DEPRECATED_OBJC_IMPLEMENTATIONS = YES;
				CLANG_WARN_DIRECT_OBJC_ISA_USAGE = YES_ERROR;
				CLANG_WARN_DOCUMENTATION_COMMENTS = YES;
				CLANG_WARN_EMPTY_BODY = YES;
				CLANG_WARN_ENUM_CONVERSION = YES;
				CLANG_WARN_INFINITE_RECURSION = YES;
				CLANG_WARN_INT_CONVERSION = YES;
				CLANG_WARN_NON_LITERAL_NULL_CONVERSION = YES;
				CLANG_WARN_OBJC_IMPLICIT_RETAIN_SELF = YES;
				CLANG_WARN_OBJC_LITERAL_CONVERSION = YES;
				CLANG_WARN_OBJC_ROOT_CLASS = YES_ERROR;
				CLANG_WARN_QUOTED_INCLUDE_IN_FRAMEWORK_HEADER = YES;
				CLANG_WARN_RANGE_LOOP_ANALYSIS = YES;
				CLANG_WARN_STRICT_PROTOTYPES = YES;
				CLANG_WARN_SUSPICIOUS_MOVE = YES;
				CLANG_WARN_UNGUARDED_AVAILABILITY = YES_AGGRESSIVE;
				CLANG_WARN_UNREACHABLE_CODE = YES;
				CLANG_WARN__DUPLICATE_METHOD_MATCH = YES;
				COPY_PHASE_STRIP = NO;
				DEBUG_INFORMATION_FORMAT = dwarf;
				ENABLE_STRICT_OBJC_MSGSEND = YES;
				ENABLE_TESTABILITY = YES;
				GCC_C_LANGUAGE_STANDARD = gnu11;
				GCC_DYNAMIC_NO_PIC = NO;
				GCC_NO_COMMON_BLOCKS = YES;
				GCC_OPTIMIZATION_LEVEL = 0;
				GCC_PREPROCESSOR_DEFINITIONS = (
					"DEBUG=1",
					"$(inherited)",
				);
				GCC_WARN_64_TO_32_BIT_CONVERSION = YES;
				GCC_WARN_ABOUT_RETURN_TYPE = YES_ERROR;
				GCC_WARN_UNDECLARED_SELECTOR = YES;
				GCC_WARN_UNINITIALIZED_AUTOS = YES_AGGRESSIVE;
				GCC_WARN_UNUSED_FUNCTION = YES;
				GCC_WARN_UNUSED_VARIABLE = YES;
				IPHONEOS_DEPLOYMENT_TARGET = 16.4;
				MTL_ENABLE_DEBUG_INFO = INCLUDE_SOURCE;
				MTL_FAST_MATH = YES;
				ONLY_ACTIVE_ARCH = YES;
				SDKROOT = iphoneos;
				SWIFT_ACTIVE_COMPILATION_CONDITIONS = DEBUG;
				SWIFT_OPTIMIZATION_LEVEL = "-Onone";
			};
			name = Debug;
		};
		651DE58F2A8F4809009755E8 /* Release */ = {
			isa = XCBuildConfiguration;
			buildSettings = {
				ALWAYS_SEARCH_USER_PATHS = NO;
				CLANG_ANALYZER_NONNULL = YES;
				CLANG_ANALYZER_NUMBER_OBJECT_CONVERSION = YES_AGGRESSIVE;
				CLANG_CXX_LANGUAGE_STANDARD = "gnu++20";
				CLANG_ENABLE_MODULES = YES;
				CLANG_ENABLE_OBJC_ARC = YES;
				CLANG_ENABLE_OBJC_WEAK = YES;
				CLANG_WARN_BLOCK_CAPTURE_AUTORELEASING = YES;
				CLANG_WARN_BOOL_CONVERSION = YES;
				CLANG_WARN_COMMA = YES;
				CLANG_WARN_CONSTANT_CONVERSION = YES;
				CLANG_WARN_DEPRECATED_OBJC_IMPLEMENTATIONS = YES;
				CLANG_WARN_DIRECT_OBJC_ISA_USAGE = YES_ERROR;
				CLANG_WARN_DOCUMENTATION_COMMENTS = YES;
				CLANG_WARN_EMPTY_BODY = YES;
				CLANG_WARN_ENUM_CONVERSION = YES;
				CLANG_WARN_INFINITE_RECURSION = YES;
				CLANG_WARN_INT_CONVERSION = YES;
				CLANG_WARN_NON_LITERAL_NULL_CONVERSION = YES;
				CLANG_WARN_OBJC_IMPLICIT_RETAIN_SELF = YES;
				CLANG_WARN_OBJC_LITERAL_CONVERSION = YES;
				CLANG_WARN_OBJC_ROOT_CLASS = YES_ERROR;
				CLANG_WARN_QUOTED_INCLUDE_IN_FRAMEWORK_HEADER = YES;
				CLANG_WARN_RANGE_LOOP_ANALYSIS = YES;
				CLANG_WARN_STRICT_PROTOTYPES = YES;
				CLANG_WARN_SUSPICIOUS_MOVE = YES;
				CLANG_WARN_UNGUARDED_AVAILABILITY = YES_AGGRESSIVE;
				CLANG_WARN_UNREACHABLE_CODE = YES;
				CLANG_WARN__DUPLICATE_METHOD_MATCH = YES;
				COPY_PHASE_STRIP = NO;
				DEBUG_INFORMATION_FORMAT = "dwarf-with-dsym";
				ENABLE_NS_ASSERTIONS = NO;
				ENABLE_STRICT_OBJC_MSGSEND = YES;
				GCC_C_LANGUAGE_STANDARD = gnu11;
				GCC_NO_COMMON_BLOCKS = YES;
				GCC_WARN_64_TO_32_BIT_CONVERSION = YES;
				GCC_WARN_ABOUT_RETURN_TYPE = YES_ERROR;
				GCC_WARN_UNDECLARED_SELECTOR = YES;
				GCC_WARN_UNINITIALIZED_AUTOS = YES_AGGRESSIVE;
				GCC_WARN_UNUSED_FUNCTION = YES;
				GCC_WARN_UNUSED_VARIABLE = YES;
				IPHONEOS_DEPLOYMENT_TARGET = 16.4;
				MTL_ENABLE_DEBUG_INFO = NO;
				MTL_FAST_MATH = YES;
				SDKROOT = iphoneos;
				SWIFT_COMPILATION_MODE = wholemodule;
				SWIFT_OPTIMIZATION_LEVEL = "-O";
				VALIDATE_PRODUCT = YES;
			};
			name = Release;
		};
		651DE5912A8F4809009755E8 /* Debug */ = {
			isa = XCBuildConfiguration;
			buildSettings = {
				ASSETCATALOG_COMPILER_APPICON_NAME = AppIcon;
				ASSETCATALOG_COMPILER_GLOBAL_ACCENT_COLOR_NAME = AccentColor;
				CODE_SIGN_STYLE = Automatic;
				CURRENT_PROJECT_VERSION = 1;
				GENERATE_INFOPLIST_FILE = YES;
				INFOPLIST_FILE = CommunicationDemo/Info.plist;
				INFOPLIST_KEY_UIApplicationSupportsIndirectInputEvents = YES;
				INFOPLIST_KEY_UILaunchStoryboardName = LaunchScreen;
				INFOPLIST_KEY_UIMainStoryboardFile = Main;
				INFOPLIST_KEY_UISupportedInterfaceOrientations_iPad = "UIInterfaceOrientationPortrait UIInterfaceOrientationPortraitUpsideDown UIInterfaceOrientationLandscapeLeft UIInterfaceOrientationLandscapeRight";
				INFOPLIST_KEY_UISupportedInterfaceOrientations_iPhone = "UIInterfaceOrientationPortrait UIInterfaceOrientationLandscapeLeft UIInterfaceOrientationLandscapeRight";
				LD_RUNPATH_SEARCH_PATHS = (
					"$(inherited)",
					"@executable_path/Frameworks",
				);
				MARKETING_VERSION = 1.0;
				PRODUCT_BUNDLE_IDENTIFIER = demo.CommunicationDemo;
				PRODUCT_NAME = "$(TARGET_NAME)";
				SWIFT_EMIT_LOC_STRINGS = YES;
				SWIFT_VERSION = 5.0;
				TARGETED_DEVICE_FAMILY = "1,2";
			};
			name = Debug;
		};
		651DE5922A8F4809009755E8 /* Release */ = {
			isa = XCBuildConfiguration;
			buildSettings = {
				ASSETCATALOG_COMPILER_APPICON_NAME = AppIcon;
				ASSETCATALOG_COMPILER_GLOBAL_ACCENT_COLOR_NAME = AccentColor;
				CODE_SIGN_STYLE = Automatic;
				CURRENT_PROJECT_VERSION = 1;
				GENERATE_INFOPLIST_FILE = YES;
				INFOPLIST_FILE = CommunicationDemo/Info.plist;
				INFOPLIST_KEY_UIApplicationSupportsIndirectInputEvents = YES;
				INFOPLIST_KEY_UILaunchStoryboardName = LaunchScreen;
				INFOPLIST_KEY_UIMainStoryboardFile = Main;
				INFOPLIST_KEY_UISupportedInterfaceOrientations_iPad = "UIInterfaceOrientationPortrait UIInterfaceOrientationPortraitUpsideDown UIInterfaceOrientationLandscapeLeft UIInterfaceOrientationLandscapeRight";
				INFOPLIST_KEY_UISupportedInterfaceOrientations_iPhone = "UIInterfaceOrientationPortrait UIInterfaceOrientationLandscapeLeft UIInterfaceOrientationLandscapeRight";
				LD_RUNPATH_SEARCH_PATHS = (
					"$(inherited)",
					"@executable_path/Frameworks",
				);
				MARKETING_VERSION = 1.0;
				PRODUCT_BUNDLE_IDENTIFIER = demo.CommunicationDemo;
				PRODUCT_NAME = "$(TARGET_NAME)";
				SWIFT_EMIT_LOC_STRINGS = YES;
				SWIFT_VERSION = 5.0;
				TARGETED_DEVICE_FAMILY = "1,2";
			};
			name = Release;
		};
/* End XCBuildConfiguration section */

/* Begin XCConfigurationList section */
		651DE5772A8F4808009755E8 /* Build configuration list for PBXProject "CommunicationDemo" */ = {
			isa = XCConfigurationList;
			buildConfigurations = (
				651DE58E2A8F4809009755E8 /* Debug */,
				651DE58F2A8F4809009755E8 /* Release */,
			);
			defaultConfigurationIsVisible = 0;
			defaultConfigurationName = Release;
		};
		651DE5902A8F4809009755E8 /* Build configuration list for PBXNativeTarget "CommunicationDemo" */ = {
			isa = XCConfigurationList;
			buildConfigurations = (
				651DE5912A8F4809009755E8 /* Debug */,
				651DE5922A8F4809009755E8 /* Release */,
			);
			defaultConfigurationIsVisible = 0;
			defaultConfigurationName = Release;
		};
/* End XCConfigurationList section */
	};
	rootObject = 651DE5742A8F4808009755E8 /* Project object */;
}
