// !$*UTF8*$!
{
	archiveVersion = 1;
	classes = {
	};
	objectVersion = 56;
	objects = {

/* Begin PBXBuildFile section */
		65D507062A8E1E1A009F8159 /* SwiftUIDemoApp.swift in Sources */ = {isa = PBXBuildFile; fileRef = 65D507052A8E1E1A009F8159 /* SwiftUIDemoApp.swift */; };
		65D507082A8E1E1A009F8159 /* ContentView.swift in Sources */ = {isa = PBXBuildFile; fileRef = 65D507072A8E1E1A009F8159 /* ContentView.swift */; };
		65D5070A2A8E1E1B009F8159 /* Assets.xcassets in Resources */ = {isa = PBXBuildFile; fileRef = 65D507092A8E1E1B009F8159 /* Assets.xcassets */; };
		65D5070D2A8E1E1B009F8159 /* Preview Assets.xcassets in Resources */ = {isa = PBXBuildFile; fileRef = 65D5070C2A8E1E1B009F8159 /* Preview Assets.xcassets */; };
		65D5071A2A8E1ED6009F8159 /* SwiftUIDemoMacApp.swift in Sources */ = {isa = PBXBuildFile; fileRef = 65D507192A8E1ED6009F8159 /* SwiftUIDemoMacApp.swift */; };
		65D5071C2A8E1ED6009F8159 /* ContentView.swift in Sources */ = {isa = PBXBuildFile; fileRef = 65D5071B2A8E1ED6009F8159 /* ContentView.swift */; };
		65D5071E2A8E1ED7009F8159 /* Assets.xcassets in Resources */ = {isa = PBXBuildFile; fileRef = 65D5071D2A8E1ED7009F8159 /* Assets.xcassets */; };
		65D507212A8E1ED7009F8159 /* Preview Assets.xcassets in Resources */ = {isa = PBXBuildFile; fileRef = 65D507202A8E1ED7009F8159 /* Preview Assets.xcassets */; };
		65D507272A8E1EE7009F8159 /* Demo.swift in Sources */ = {isa = PBXBuildFile; fileRef = 65D507262A8E1EE7009F8159 /* Demo.swift */; };
		65D507282A8E1EE7009F8159 /* Demo.swift in Sources */ = {isa = PBXBuildFile; fileRef = 65D507262A8E1EE7009F8159 /* Demo.swift */; };
		65D5072A2A8E2259009F8159 /* Components.swift in Sources */ = {isa = PBXBuildFile; fileRef = 65D507292A8E2259009F8159 /* Components.swift */; };
		65D5072B2A8E2259009F8159 /* Components.swift in Sources */ = {isa = PBXBuildFile; fileRef = 65D507292A8E2259009F8159 /* Components.swift */; };
/* End PBXBuildFile section */

/* Begin PBXFileReference section */
		65D507022A8E1E1A009F8159 /* SwiftUIDemo.app */ = {isa = PBXFileReference; explicitFileType = wrapper.application; includeInIndex = 0; path = SwiftUIDemo.app; sourceTree = BUILT_PRODUCTS_DIR; };
		65D507052A8E1E1A009F8159 /* SwiftUIDemoApp.swift */ = {isa = PBXFileReference; lastKnownFileType = sourcecode.swift; path = SwiftUIDemoApp.swift; sourceTree = "<group>"; };
		65D507072A8E1E1A009F8159 /* ContentView.swift */ = {isa = PBXFileReference; lastKnownFileType = sourcecode.swift; path = ContentView.swift; sourceTree = "<group>"; };
		65D507092A8E1E1B009F8159 /* Assets.xcassets */ = {isa = PBXFileReference; lastKnownFileType = folder.assetcatalog; path = Assets.xcassets; sourceTree = "<group>"; };
		65D5070C2A8E1E1B009F8159 /* Preview Assets.xcassets */ = {isa = PBXFileReference; lastKnownFileType = folder.assetcatalog; path = "Preview Assets.xcassets"; sourceTree = "<group>"; };
		65D507172A8E1ED6009F8159 /* SwiftUIDemoMac.app */ = {isa = PBXFileReference; explicitFileType = wrapper.application; includeInIndex = 0; path = SwiftUIDemoMac.app; sourceTree = BUILT_PRODUCTS_DIR; };
		65D507192A8E1ED6009F8159 /* SwiftUIDemoMacApp.swift */ = {isa = PBXFileReference; lastKnownFileType = sourcecode.swift; path = SwiftUIDemoMacApp.swift; sourceTree = "<group>"; };
		65D5071B2A8E1ED6009F8159 /* ContentView.swift */ = {isa = PBXFileReference; lastKnownFileType = sourcecode.swift; path = ContentView.swift; sourceTree = "<group>"; };
		65D5071D2A8E1ED7009F8159 /* Assets.xcassets */ = {isa = PBXFileReference; lastKnownFileType = folder.assetcatalog; path = Assets.xcassets; sourceTree = "<group>"; };
		65D507202A8E1ED7009F8159 /* Preview Assets.xcassets */ = {isa = PBXFileReference; lastKnownFileType = folder.assetcatalog; path = "Preview Assets.xcassets"; sourceTree = "<group>"; };
		65D507222A8E1ED7009F8159 /* SwiftUIDemoMac.entitlements */ = {isa = PBXFileReference; lastKnownFileType = text.plist.entitlements; path = SwiftUIDemoMac.entitlements; sourceTree = "<group>"; };
		65D507262A8E1EE7009F8159 /* Demo.swift */ = {isa = PBXFileReference; lastKnownFileType = sourcecode.swift; path = Demo.swift; sourceTree = "<group>"; };
		65D507292A8E2259009F8159 /* Components.swift */ = {isa = PBXFileReference; lastKnownFileType = sourcecode.swift; path = Components.swift; sourceTree = "<group>"; };
/* End PBXFileReference section */

/* Begin PBXFrameworksBuildPhase section */
		65D506FF2A8E1E1A009F8159 /* Frameworks */ = {
			isa = PBXFrameworksBuildPhase;
			buildActionMask = 2147483647;
			files = (
			);
			runOnlyForDeploymentPostprocessing = 0;
		};
		65D507142A8E1ED6009F8159 /* Frameworks */ = {
			isa = PBXFrameworksBuildPhase;
			buildActionMask = 2147483647;
			files = (
			);
			runOnlyForDeploymentPostprocessing = 0;
		};
/* End PBXFrameworksBuildPhase section */

/* Begin PBXGroup section */
		65D506F92A8E1E1A009F8159 = {
			isa = PBXGroup;
			children = (
				65D507042A8E1E1A009F8159 /* SwiftUIDemo */,
				65D507182A8E1ED6009F8159 /* SwiftUIDemoMac */,
				65D507032A8E1E1A009F8159 /* Products */,
			);
			sourceTree = "<group>";
		};
		65D507032A8E1E1A009F8159 /* Products */ = {
			isa = PBXGroup;
			children = (
				65D507022A8E1E1A009F8159 /* SwiftUIDemo.app */,
				65D507172A8E1ED6009F8159 /* SwiftUIDemoMac.app */,
			);
			name = Products;
			sourceTree = "<group>";
		};
		65D507042A8E1E1A009F8159 /* SwiftUIDemo */ = {
			isa = PBXGroup;
			children = (
				65D507052A8E1E1A009F8159 /* SwiftUIDemoApp.swift */,
				65D507072A8E1E1A009F8159 /* ContentView.swift */,
				65D507262A8E1EE7009F8159 /* Demo.swift */,
				65D507292A8E2259009F8159 /* Components.swift */,
				65D507092A8E1E1B009F8159 /* Assets.xcassets */,
				65D5070B2A8E1E1B009F8159 /* Preview Content */,
			);
			path = SwiftUIDemo;
			sourceTree = "<group>";
		};
		65D5070B2A8E1E1B009F8159 /* Preview Content */ = {
			isa = PBXGroup;
			children = (
				65D5070C2A8E1E1B009F8159 /* Preview Assets.xcassets */,
			);
			path = "Preview Content";
			sourceTree = "<group>";
		};
		65D507182A8E1ED6009F8159 /* SwiftUIDemoMac */ = {
			isa = PBXGroup;
			children = (
				65D507192A8E1ED6009F8159 /* SwiftUIDemoMacApp.swift */,
				65D5071B2A8E1ED6009F8159 /* ContentView.swift */,
				65D5071D2A8E1ED7009F8159 /* Assets.xcassets */,
				65D507222A8E1ED7009F8159 /* SwiftUIDemoMac.entitlements */,
				65D5071F2A8E1ED7009F8159 /* Preview Content */,
			);
			path = SwiftUIDemoMac;
			sourceTree = "<group>";
		};
		65D5071F2A8E1ED7009F8159 /* Preview Content */ = {
			isa = PBXGroup;
			children = (
				65D507202A8E1ED7009F8159 /* Preview Assets.xcassets */,
			);
			path = "Preview Content";
			sourceTree = "<group>";
		};
/* End PBXGroup section */

/* Begin PBXNativeTarget section */
		65D507012A8E1E1A009F8159 /* SwiftUIDemo */ = {
			isa = PBXNativeTarget;
			buildConfigurationList = 65D507102A8E1E1B009F8159 /* Build configuration list for PBXNativeTarget "SwiftUIDemo" */;
			buildPhases = (
				65D506FE2A8E1E1A009F8159 /* Sources */,
				65D506FF2A8E1E1A009F8159 /* Frameworks */,
				65D507002A8E1E1A009F8159 /* Resources */,
			);
			buildRules = (
			);
			dependencies = (
			);
			name = SwiftUIDemo;
			productName = SwiftUIDemo;
			productReference = 65D507022A8E1E1A009F8159 /* SwiftUIDemo.app */;
			productType = "com.apple.product-type.application";
		};
		65D507162A8E1ED6009F8159 /* SwiftUIDemoMac */ = {
			isa = PBXNativeTarget;
			buildConfigurationList = 65D507232A8E1ED7009F8159 /* Build configuration list for PBXNativeTarget "SwiftUIDemoMac" */;
			buildPhases = (
				65D507132A8E1ED6009F8159 /* Sources */,
				65D507142A8E1ED6009F8159 /* Frameworks */,
				65D507152A8E1ED6009F8159 /* Resources */,
			);
			buildRules = (
			);
			dependencies = (
			);
			name = SwiftUIDemoMac;
			productName = SwiftUIDemoMac;
			productReference = 65D507172A8E1ED6009F8159 /* SwiftUIDemoMac.app */;
			productType = "com.apple.product-type.application";
		};
/* End PBXNativeTarget section */

/* Begin PBXProject section */
		65D506FA2A8E1E1A009F8159 /* Project object */ = {
			isa = PBXProject;
			attributes = {
				BuildIndependentTargetsInParallel = 1;
				LastSwiftUpdateCheck = 1430;
				LastUpgradeCheck = 1430;
				TargetAttributes = {
					65D507012A8E1E1A009F8159 = {
						CreatedOnToolsVersion = 14.3.1;
					};
					65D507162A8E1ED6009F8159 = {
						CreatedOnToolsVersion = 14.3.1;
					};
				};
			};
			buildConfigurationList = 65D506FD2A8E1E1A009F8159 /* Build configuration list for PBXProject "SwiftUIDemo" */;
			compatibilityVersion = "Xcode 14.0";
			developmentRegion = en;
			hasScannedForEncodings = 0;
			knownRegions = (
				en,
				Base,
			);
			mainGroup = 65D506F92A8E1E1A009F8159;
			productRefGroup = 65D507032A8E1E1A009F8159 /* Products */;
			projectDirPath = "";
			projectRoot = "";
			targets = (
				65D507012A8E1E1A009F8159 /* SwiftUIDemo */,
				65D507162A8E1ED6009F8159 /* SwiftUIDemoMac */,
			);
		};
/* End PBXProject section */

/* Begin PBXResourcesBuildPhase section */
		65D507002A8E1E1A009F8159 /* Resources */ = {
			isa = PBXResourcesBuildPhase;
			buildActionMask = 2147483647;
			files = (
				65D5070D2A8E1E1B009F8159 /* Preview Assets.xcassets in Resources */,
				65D5070A2A8E1E1B009F8159 /* Assets.xcassets in Resources */,
			);
			runOnlyForDeploymentPostprocessing = 0;
		};
		65D507152A8E1ED6009F8159 /* Resources */ = {
			isa = PBXResourcesBuildPhase;
			buildActionMask = 2147483647;
			files = (
				65D507212A8E1ED7009F8159 /* Preview Assets.xcassets in Resources */,
				65D5071E2A8E1ED7009F8159 /* Assets.xcassets in Resources */,
			);
			runOnlyForDeploymentPostprocessing = 0;
		};
/* End PBXResourcesBuildPhase section */

/* Begin PBXSourcesBuildPhase section */
		65D506FE2A8E1E1A009F8159 /* Sources */ = {
			isa = PBXSourcesBuildPhase;
			buildActionMask = 2147483647;
			files = (
				65D507082A8E1E1A009F8159 /* ContentView.swift in Sources */,
				65D5072A2A8E2259009F8159 /* Components.swift in Sources */,
				65D507062A8E1E1A009F8159 /* SwiftUIDemoApp.swift in Sources */,
				65D507272A8E1EE7009F8159 /* Demo.swift in Sources */,
			);
			runOnlyForDeploymentPostprocessing = 0;
		};
		65D507132A8E1ED6009F8159 /* Sources */ = {
			isa = PBXSourcesBuildPhase;
			buildActionMask = 2147483647;
			files = (
				65D5071C2A8E1ED6009F8159 /* ContentView.swift in Sources */,
				65D5072B2A8E2259009F8159 /* Components.swift in Sources */,
				65D5071A2A8E1ED6009F8159 /* SwiftUIDemoMacApp.swift in Sources */,
				65D507282A8E1EE7009F8159 /* Demo.swift in Sources */,
			);
			runOnlyForDeploymentPostprocessing = 0;
		};
/* End PBXSourcesBuildPhase section */

/* Begin XCBuildConfiguration section */
		65D5070E2A8E1E1B009F8159 /* Debug */ = {
			isa = XCBuildConfiguration;
			buildSettings = {
				ALWAYS_SEARCH_USER_PATHS = NO;
				CLANG_ANALYZER_NONNULL = YES;
				CLANG_ANALYZER_NUMBER_OBJECT_CONVERSION = YES_AGGRESSIVE;
				CLANG_CXX_LANGUAGE_STANDARD = "gnu++20";
				CLANG_ENABLE_MODULES = YES;
				CLANG_ENABLE_OBJC_ARC = YES;
				CLANG_ENABLE_OBJC_WEAK = YES;
				CLANG_WARN_BLOCK_CAPTURE_AUTORELEASING = YES;
				CLANG_WARN_BOOL_CONVERSION = YES;
				CLANG_WARN_COMMA = YES;
				CLANG_WARN_CONSTANT_CONVERSION = YES;
				CLANG_WARN_DEPRECATED_OBJC_IMPLEMENTATIONS = YES;
				CLANG_WARN_DIRECT_OBJC_ISA_USAGE = YES_ERROR;
				CLANG_WARN_DOCUMENTATION_COMMENTS = YES;
				CLANG_WARN_EMPTY_BODY = YES;
				CLANG_WARN_ENUM_CONVERSION = YES;
				CLANG_WARN_INFINITE_RECURSION = YES;
				CLANG_WARN_INT_CONVERSION = YES;
				CLANG_WARN_NON_LITERAL_NULL_CONVERSION = YES;
				CLANG_WARN_OBJC_IMPLICIT_RETAIN_SELF = YES;
				CLANG_WARN_OBJC_LITERAL_CONVERSION = YES;
				CLANG_WARN_OBJC_ROOT_CLASS = YES_ERROR;
				CLANG_WARN_QUOTED_INCLUDE_IN_FRAMEWORK_HEADER = YES;
				CLANG_WARN_RANGE_LOOP_ANALYSIS = YES;
				CLANG_WARN_STRICT_PROTOTYPES = YES;
				CLANG_WARN_SUSPICIOUS_MOVE = YES;
				CLANG_WARN_UNGUARDED_AVAILABILITY = YES_AGGRESSIVE;
				CLANG_WARN_UNREACHABLE_CODE = YES;
				CLANG_WARN__DUPLICATE_METHOD_MATCH = YES;
				COPY_PHASE_STRIP = NO;
				DEBUG_INFORMATION_FORMAT = dwarf;
				ENABLE_STRICT_OBJC_MSGSEND = YES;
				ENABLE_TESTABILITY = YES;
				GCC_C_LANGUAGE_STANDARD = gnu11;
				GCC_DYNAMIC_NO_PIC = NO;
				GCC_NO_COMMON_BLOCKS = YES;
				GCC_OPTIMIZATION_LEVEL = 0;
				GCC_PREPROCESSOR_DEFINITIONS = (
					"DEBUG=1",
					"$(inherited)",
				);
				GCC_WARN_64_TO_32_BIT_CONVERSION = YES;
				GCC_WARN_ABOUT_RETURN_TYPE = YES_ERROR;
				GCC_WARN_UNDECLARED_SELECTOR = YES;
				GCC_WARN_UNINITIALIZED_AUTOS = YES_AGGRESSIVE;
				GCC_WARN_UNUSED_FUNCTION = YES;
				GCC_WARN_UNUSED_VARIABLE = YES;
				IPHONEOS_DEPLOYMENT_TARGET = 16.4;
				MTL_ENABLE_DEBUG_INFO = INCLUDE_SOURCE;
				MTL_FAST_MATH = YES;
				ONLY_ACTIVE_ARCH = YES;
				SDKROOT = iphoneos;
				SWIFT_ACTIVE_COMPILATION_CONDITIONS = DEBUG;
				SWIFT_OPTIMIZATION_LEVEL = "-Onone";
			};
			name = Debug;
		};
		65D5070F2A8E1E1B009F8159 /* Release */ = {
			isa = XCBuildConfiguration;
			buildSettings = {
				ALWAYS_SEARCH_USER_PATHS = NO;
				CLANG_ANALYZER_NONNULL = YES;
				CLANG_ANALYZER_NUMBER_OBJECT_CONVERSION = YES_AGGRESSIVE;
				CLANG_CXX_LANGUAGE_STANDARD = "gnu++20";
				CLANG_ENABLE_MODULES = YES;
				CLANG_ENABLE_OBJC_ARC = YES;
				CLANG_ENABLE_OBJC_WEAK = YES;
				CLANG_WARN_BLOCK_CAPTURE_AUTORELEASING = YES;
				CLANG_WARN_BOOL_CONVERSION = YES;
				CLANG_WARN_COMMA = YES;
				CLANG_WARN_CONSTANT_CONVERSION = YES;
				CLANG_WARN_DEPRECATED_OBJC_IMPLEMENTATIONS = YES;
				CLANG_WARN_DIRECT_OBJC_ISA_USAGE = YES_ERROR;
				CLANG_WARN_DOCUMENTATION_COMMENTS = YES;
				CLANG_WARN_EMPTY_BODY = YES;
				CLANG_WARN_ENUM_CONVERSION = YES;
				CLANG_WARN_INFINITE_RECURSION = YES;
				CLANG_WARN_INT_CONVERSION = YES;
				CLANG_WARN_NON_LITERAL_NULL_CONVERSION = YES;
				CLANG_WARN_OBJC_IMPLICIT_RETAIN_SELF = YES;
				CLANG_WARN_OBJC_LITERAL_CONVERSION = YES;
				CLANG_WARN_OBJC_ROOT_CLASS = YES_ERROR;
				CLANG_WARN_QUOTED_INCLUDE_IN_FRAMEWORK_HEADER = YES;
				CLANG_WARN_RANGE_LOOP_ANALYSIS = YES;
				CLANG_WARN_STRICT_PROTOTYPES = YES;
				CLANG_WARN_SUSPICIOUS_MOVE = YES;
				CLANG_WARN_UNGUARDED_AVAILABILITY = YES_AGGRESSIVE;
				CLANG_WARN_UNREACHABLE_CODE = YES;
				CLANG_WARN__DUPLICATE_METHOD_MATCH = YES;
				COPY_PHASE_STRIP = NO;
				DEBUG_INFORMATION_FORMAT = "dwarf-with-dsym";
				ENABLE_NS_ASSERTIONS = NO;
				ENABLE_STRICT_OBJC_MSGSEND = YES;
				GCC_C_LANGUAGE_STANDARD = gnu11;
				GCC_NO_COMMON_BLOCKS = YES;
				GCC_WARN_64_TO_32_BIT_CONVERSION = YES;
				GCC_WARN_ABOUT_RETURN_TYPE = YES_ERROR;
				GCC_WARN_UNDECLARED_SELECTOR = YES;
				GCC_WARN_UNINITIALIZED_AUTOS = YES_AGGRESSIVE;
				GCC_WARN_UNUSED_FUNCTION = YES;
				GCC_WARN_UNUSED_VARIABLE = YES;
				IPHONEOS_DEPLOYMENT_TARGET = 16.4;
				MTL_ENABLE_DEBUG_INFO = NO;
				MTL_FAST_MATH = YES;
				SDKROOT = iphoneos;
				SWIFT_COMPILATION_MODE = wholemodule;
				SWIFT_OPTIMIZATION_LEVEL = "-O";
				VALIDATE_PRODUCT = YES;
			};
			name = Release;
		};
		65D507112A8E1E1B009F8159 /* Debug */ = {
			isa = XCBuildConfiguration;
			buildSettings = {
				ASSETCATALOG_COMPILER_APPICON_NAME = AppIcon;
				ASSETCATALOG_COMPILER_GLOBAL_ACCENT_COLOR_NAME = AccentColor;
				CODE_SIGN_STYLE = Automatic;
				CURRENT_PROJECT_VERSION = 1;
				DEVELOPMENT_ASSET_PATHS = "\"SwiftUIDemo/Preview Content\"";
				ENABLE_PREVIEWS = YES;
				GENERATE_INFOPLIST_FILE = YES;
				INFOPLIST_KEY_UIApplicationSceneManifest_Generation = YES;
				INFOPLIST_KEY_UIApplicationSupportsIndirectInputEvents = YES;
				INFOPLIST_KEY_UILaunchScreen_Generation = YES;
				INFOPLIST_KEY_UISupportedInterfaceOrientations_iPad = "UIInterfaceOrientationPortrait UIInterfaceOrientationPortraitUpsideDown UIInterfaceOrientationLandscapeLeft UIInterfaceOrientationLandscapeRight";
				INFOPLIST_KEY_UISupportedInterfaceOrientations_iPhone = "UIInterfaceOrientationPortrait UIInterfaceOrientationLandscapeLeft UIInterfaceOrientationLandscapeRight";
				LD_RUNPATH_SEARCH_PATHS = (
					"$(inherited)",
					"@executable_path/Frameworks",
				);
				MARKETING_VERSION = 1.0;
				PRODUCT_BUNDLE_IDENTIFIER = demo.SwiftUIDemo;
				PRODUCT_NAME = "$(TARGET_NAME)";
				SWIFT_EMIT_LOC_STRINGS = YES;
				SWIFT_VERSION = 5.0;
				TARGETED_DEVICE_FAMILY = "1,2";
			};
			name = Debug;
		};
		65D507122A8E1E1B009F8159 /* Release */ = {
			isa = XCBuildConfiguration;
			buildSettings = {
				ASSETCATALOG_COMPILER_APPICON_NAME = AppIcon;
				ASSETCATALOG_COMPILER_GLOBAL_ACCENT_COLOR_NAME = AccentColor;
				CODE_SIGN_STYLE = Automatic;
				CURRENT_PROJECT_VERSION = 1;
				DEVELOPMENT_ASSET_PATHS = "\"SwiftUIDemo/Preview Content\"";
				ENABLE_PREVIEWS = YES;
				GENERATE_INFOPLIST_FILE = YES;
				INFOPLIST_KEY_UIApplicationSceneManifest_Generation = YES;
				INFOPLIST_KEY_UIApplicationSupportsIndirectInputEvents = YES;
				INFOPLIST_KEY_UILaunchScreen_Generation = YES;
				INFOPLIST_KEY_UISupportedInterfaceOrientations_iPad = "UIInterfaceOrientationPortrait UIInterfaceOrientationPortraitUpsideDown UIInterfaceOrientationLandscapeLeft UIInterfaceOrientationLandscapeRight";
				INFOPLIST_KEY_UISupportedInterfaceOrientations_iPhone = "UIInterfaceOrientationPortrait UIInterfaceOrientationLandscapeLeft UIInterfaceOrientationLandscapeRight";
				LD_RUNPATH_SEARCH_PATHS = (
					"$(inherited)",
					"@executable_path/Frameworks",
				);
				MARKETING_VERSION = 1.0;
				PRODUCT_BUNDLE_IDENTIFIER = demo.SwiftUIDemo;
				PRODUCT_NAME = "$(TARGET_NAME)";
				SWIFT_EMIT_LOC_STRINGS = YES;
				SWIFT_VERSION = 5.0;
				TARGETED_DEVICE_FAMILY = "1,2";
			};
			name = Release;
		};
		65D507242A8E1ED7009F8159 /* Debug */ = {
			isa = XCBuildConfiguration;
			buildSettings = {
				ASSETCATALOG_COMPILER_APPICON_NAME = AppIcon;
				ASSETCATALOG_COMPILER_GLOBAL_ACCENT_COLOR_NAME = AccentColor;
				CODE_SIGN_ENTITLEMENTS = SwiftUIDemoMac/SwiftUIDemoMac.entitlements;
				CODE_SIGN_STYLE = Automatic;
				COMBINE_HIDPI_IMAGES = YES;
				CURRENT_PROJECT_VERSION = 1;
				DEVELOPMENT_ASSET_PATHS = "\"SwiftUIDemoMac/Preview Content\"";
				ENABLE_PREVIEWS = YES;
				GENERATE_INFOPLIST_FILE = YES;
				INFOPLIST_KEY_NSHumanReadableCopyright = "";
				LD_RUNPATH_SEARCH_PATHS = (
					"$(inherited)",
					"@executable_path/../Frameworks",
				);
				MACOSX_DEPLOYMENT_TARGET = 13.1;
				MARKETING_VERSION = 1.0;
				PRODUCT_BUNDLE_IDENTIFIER = demo.SwiftUIDemoMac;
				PRODUCT_NAME = "$(TARGET_NAME)";
				SDKROOT = macosx;
				SWIFT_EMIT_LOC_STRINGS = YES;
				SWIFT_VERSION = 5.0;
			};
			name = Debug;
		};
		65D507252A8E1ED7009F8159 /* Release */ = {
			isa = XCBuildConfiguration;
			buildSettings = {
				ASSETCATALOG_COMPILER_APPICON_NAME = AppIcon;
				ASSETCATALOG_COMPILER_GLOBAL_ACCENT_COLOR_NAME = AccentColor;
				CODE_SIGN_ENTITLEMENTS = SwiftUIDemoMac/SwiftUIDemoMac.entitlements;
				CODE_SIGN_STYLE = Automatic;
				COMBINE_HIDPI_IMAGES = YES;
				CURRENT_PROJECT_VERSION = 1;
				DEVELOPMENT_ASSET_PATHS = "\"SwiftUIDemoMac/Preview Content\"";
				ENABLE_PREVIEWS = YES;
				GENERATE_INFOPLIST_FILE = YES;
				INFOPLIST_KEY_NSHumanReadableCopyright = "";
				LD_RUNPATH_SEARCH_PATHS = (
					"$(inherited)",
					"@executable_path/../Frameworks",
				);
				MACOSX_DEPLOYMENT_TARGET = 13.1;
				MARKETING_VERSION = 1.0;
				PRODUCT_BUNDLE_IDENTIFIER = demo.SwiftUIDemoMac;
				PRODUCT_NAME = "$(TARGET_NAME)";
				SDKROOT = macosx;
				SWIFT_EMIT_LOC_STRINGS = YES;
				SWIFT_VERSION = 5.0;
			};
			name = Release;
		};
/* End XCBuildConfiguration section */

/* Begin XCConfigurationList section */
		65D506FD2A8E1E1A009F8159 /* Build configuration list for PBXProject "SwiftUIDemo" */ = {
			isa = XCConfigurationList;
			buildConfigurations = (
				65D5070E2A8E1E1B009F8159 /* Debug */,
				65D5070F2A8E1E1B009F8159 /* Release */,
			);
			defaultConfigurationIsVisible = 0;
			defaultConfigurationName = Release;
		};
		65D507102A8E1E1B009F8159 /* Build configuration list for PBXNativeTarget "SwiftUIDemo" */ = {
			isa = XCConfigurationList;
			buildConfigurations = (
				65D507112A8E1E1B009F8159 /* Debug */,
				65D507122A8E1E1B009F8159 /* Release */,
			);
			defaultConfigurationIsVisible = 0;
			defaultConfigurationName = Release;
		};
		65D507232A8E1ED7009F8159 /* Build configuration list for PBXNativeTarget "SwiftUIDemoMac" */ = {
			isa = XCConfigurationList;
			buildConfigurations = (
				65D507242A8E1ED7009F8159 /* Debug */,
				65D507252A8E1ED7009F8159 /* Release */,
			);
			defaultConfigurationIsVisible = 0;
			defaultConfigurationName = Release;
		};
/* End XCConfigurationList section */
	};
	rootObject = 65D506FA2A8E1E1A009F8159 /* Project object */;
}
